
Microsoft Visual Studio Solution File, Format Version 12.00
# Visual Studio Version 17
VisualStudioVersion = 17.8.34309.116
MinimumVisualStudioVersion = 10.0.40219.1
Project("{FAE04EC0-301F-11D3-BF4B-00C04F79EFBC}") = "Lab4", "Lab4\Lab4.csproj", "{F1C160B5-2F45-4381-8F63-F51930DADC0D}"
EndProject
Global
	GlobalSection(SolutionConfigurationPlatforms) = preSolution
		Debug|Any CPU = Debug|Any CPU
		Release|Any CPU = Release|Any CPU
	EndGlobalSection
	GlobalSection(ProjectConfigurationPlatforms) = postSolution
		{F1C160B5-2F45-4381-8F63-F51930DADC0D}.Debug|Any CPU.ActiveCfg = Debug|Any CPU
		{F1C160B5-2F45-4381-8F63-F51930DADC0D}.Debug|Any CPU.Build.0 = Debug|Any CPU
		{F1C160B5-2F45-4381-8F63-F51930DADC0D}.Release|Any CPU.ActiveCfg = Release|Any CPU
		{F1C160B5-2F45-4381-8F63-F51930DADC0D}.Release|Any CPU.Build.0 = Release|Any CPU
	EndGlobalSection
	GlobalSection(SolutionProperties) = preSolution
		HideSolutionNode = FALSE
	EndGlobalSection
	GlobalSection(ExtensibilityGlobals) = postSolution
		SolutionGuid = {FD9E97F5-314D-483A-8375-066C95C6DC5D}
	EndGlobalSection
EndGlobal
